<Solution>
  <Configurations>
    <BuildType Name="Debug" />
    <BuildType Name="Publish" />
    <BuildType Name="Release" />
  </Configurations>
  <Folder Name="/Solution Items/">
    <File Path=".editorconfig" />
    <File Path=".gitignore" />
    <File Path="Directory.Build.props" />
    <File Path="Directory.Build.targets" />
    <File Path="Directory.Packages.props" />
    <File Path="global.json" />
    <File Path="nuget.config" />
  </Folder>
  <Folder Name="/src/">
    <Project Path="src/Microsoft.Agents.AI.A2A/Microsoft.Agents.AI.A2A.csproj" />
    <Project Path="src/Microsoft.Agents.AI.Abstractions/Microsoft.Agents.AI.Abstractions.csproj" />
    <Project Path="src/Microsoft.Agents.AI.AzureAI/Microsoft.Agents.AI.AzureAI.csproj" />
    <Project Path="src/Microsoft.Agents.AI.CopilotStudio/Microsoft.Agents.AI.CopilotStudio.csproj" />
    <Project Path="src/Microsoft.Agents.AI.Hosting.A2A.AspNetCore/Microsoft.Agents.AI.Hosting.A2A.AspNetCore.csproj" />
    <Project Path="src/Microsoft.Agents.AI.Hosting.A2A/Microsoft.Agents.AI.Hosting.A2A.csproj" />
    <Project Path="src/Microsoft.Agents.AI.Hosting.OpenAI/Microsoft.Agents.AI.Hosting.OpenAI.csproj" />
    <Project Path="src/Microsoft.Agents.AI.Hosting/Microsoft.Agents.AI.Hosting.csproj" />
    <Project Path="src/Microsoft.Agents.AI.OpenAI/Microsoft.Agents.AI.OpenAI.csproj" />
    <Project Path="src/Microsoft.Agents.AI.Workflows.Declarative/Microsoft.Agents.AI.Workflows.Declarative.csproj" />
    <Project Path="src/Microsoft.Agents.AI.Workflows/Microsoft.Agents.AI.Workflows.csproj" />
    <Project Path="src/Microsoft.Agents.AI/Microsoft.Agents.AI.csproj" />
  </Folder>
  <Folder Name="/Tests/" />
  <Folder Name="/Tests/IntegrationTests/">
    <Project Path="tests/AgentConformance.IntegrationTests/AgentConformance.IntegrationTests.csproj" />
    <Project Path="tests/AzureAIAgentsPersistent.IntegrationTests/AzureAIAgentsPersistent.IntegrationTests.csproj" />
    <Project Path="tests/CopilotStudio.IntegrationTests/CopilotStudio.IntegrationTests.csproj" />
    <Project Path="tests/Microsoft.Agents.AI.Workflows.Declarative.IntegrationTests/Microsoft.Agents.AI.Workflows.Declarative.IntegrationTests.csproj" />
    <Project Path="tests/OpenAIAssistant.IntegrationTests/OpenAIAssistant.IntegrationTests.csproj" />
    <Project Path="tests/OpenAIChatCompletion.IntegrationTests/OpenAIChatCompletion.IntegrationTests.csproj" />
    <Project Path="tests/OpenAIResponse.IntegrationTests/OpenAIResponse.IntegrationTests.csproj" />
  </Folder>
  <Folder Name="/Tests/UnitTests/">
    <Project Path="tests/Microsoft.Agents.AI.A2A.UnitTests/Microsoft.Agents.AI.A2A.UnitTests.csproj" />
    <Project Path="tests/Microsoft.Agents.AI.Abstractions.UnitTests/Microsoft.Agents.AI.Abstractions.UnitTests.csproj" />
    <Project Path="tests/Microsoft.Agents.AI.AzureAI.UnitTests/Microsoft.Agents.AI.AzureAI.UnitTests.csproj" />
    <Project Path="tests/Microsoft.Agents.AI.Hosting.A2A.Tests/Microsoft.Agents.AI.Hosting.A2A.Tests.csproj" Id="2a1c544d-237d-4436-8732-ba0c447ac06b" />
    <Project Path="tests/Microsoft.Agents.AI.Hosting.UnitTests/Microsoft.Agents.AI.Hosting.UnitTests.csproj" />
    <Project Path="tests/Microsoft.Agents.AI.OpenAI.UnitTests/Microsoft.Agents.AI.OpenAI.UnitTests.csproj" />
    <Project Path="tests/Microsoft.Agents.AI.UnitTests/Microsoft.Agents.AI.UnitTests.csproj" />
    <Project Path="tests/Microsoft.Agents.AI.Workflows.Declarative.UnitTests/Microsoft.Agents.AI.Workflows.Declarative.UnitTests.csproj" />
    <Project Path="tests/Microsoft.Agents.AI.Workflows.UnitTests/Microsoft.Agents.AI.Workflows.UnitTests.csproj" />
  </Folder>
</Solution>
